{
  "name": "entry",
  "lockfileVersion": 3,
  "requires": true,
  "packages": {
    "": {
      "dependencies": {
        "long": "^5.2.1"
      }
    },
    "node_modules/long": {
      "version": "5.2.1",
      "resolved": "https://ohpm.openharmony.cn/ohpm/long/-/long-5.2.1.tgz",
      "integrity": "sha512-GKSNGeNAtw8IryjjkhZxuKB3JzlcLTwjtiQCHKvqQet81I93kXslhDQruGI/QsddO83mcDToBVy7GqGS/zYf/A==",
      "license": "Apache-2.0"
    }
  }
}
